
Microsoft Visual Studio Solution File, Format Version 12.00
# Visual Studio Version 17
VisualStudioVersion = 17.14.36811.4 d17.14
MinimumVisualStudioVersion = 10.0.40219.1
Project("{FAE04EC0-301F-11D3-BF4B-00C04F79EFBC}") = "TermThing", "TermThing.csproj", "{F431C7DC-2DE7-7EF4-EB33-8B030DE851A8}"
EndProject
Global
	GlobalSection(SolutionConfigurationPlatforms) = preSolution
		Debug|Any CPU = Debug|Any CPU
		Release|Any CPU = Release|Any CPU
	EndGlobalSection
	GlobalSection(ProjectConfigurationPlatforms) = postSolution
		{F431C7DC-2DE7-7EF4-EB33-8B030DE851A8}.Debug|Any CPU.ActiveCfg = Debug|Any CPU
		{F431C7DC-2DE7-7EF4-EB33-8B030DE851A8}.Debug|Any CPU.Build.0 = Debug|Any CPU
		{F431C7DC-2DE7-7EF4-EB33-8B030DE851A8}.Release|Any CPU.ActiveCfg = Release|Any CPU
		{F431C7DC-2DE7-7EF4-EB33-8B030DE851A8}.Release|Any CPU.Build.0 = Release|Any CPU
	EndGlobalSection
	GlobalSection(SolutionProperties) = preSolution
		HideSolutionNode = FALSE
	EndGlobalSection
	GlobalSection(ExtensibilityGlobals) = postSolution
		SolutionGuid = {94EBDA1C-9AAF-4E0C-81A5-B1DB89B9B663}
	EndGlobalSection
EndGlobal
